
Microsoft Visual Studio Solution File, Format Version 12.00
# Visual Studio 15
VisualStudioVersion = 15.0.27004.2006
MinimumVisualStudioVersion = 10.0.40219.1
Project("{FAE04EC0-301F-11D3-BF4B-00C04F79EFBC}") = "AngularModule", "AngularModule.csproj", "{5430FAB3-7EA5-4121-869B-9CB9A9B2135D}"
EndProject
Global
	GlobalSection(SolutionConfigurationPlatforms) = preSolution
		Debug|Any CPU = Debug|Any CPU
		Release|Any CPU = Release|Any CPU
	EndGlobalSection
	GlobalSection(ProjectConfigurationPlatforms) = postSolution
		{5430FAB3-7EA5-4121-869B-9CB9A9B2135D}.Debug|Any CPU.ActiveCfg = Debug|Any CPU
		{5430FAB3-7EA5-4121-869B-9CB9A9B2135D}.Debug|Any CPU.Build.0 = Debug|Any CPU
		{5430FAB3-7EA5-4121-869B-9CB9A9B2135D}.Release|Any CPU.ActiveCfg = Release|Any CPU
		{5430FAB3-7EA5-4121-869B-9CB9A9B2135D}.Release|Any CPU.Build.0 = Release|Any CPU
	EndGlobalSection
	GlobalSection(SolutionProperties) = preSolution
		HideSolutionNode = FALSE
	EndGlobalSection
	GlobalSection(ExtensibilityGlobals) = postSolution
		SolutionGuid = {3AC32A86-7847-4E1D-A776-B69C3817DFB1}
	EndGlobalSection
EndGlobal
